
Microsoft Visual Studio Solution File, Format Version 12.00
# Visual Studio Version 17
VisualStudioVersion = 17.14.37328.6 d17.14
MinimumVisualStudioVersion = 10.0.40219.1

Project("{FAE04EC0-301F-11D3-BF4B-00C04F79EFBC}") = "StockManager.Server", "StockManager.Server\StockManager.Server.csproj", "{6E0CB027-4CE1-4E1A-982C-B38367D6A710}"
EndProject
Global
	GlobalSection(SolutionConfigurationPlatforms) = preSolution
		Debug|Any CPU = Debug|Any CPU
		Release|Any CPU = Release|Any CPU
	EndGlobalSection
	GlobalSection(ProjectConfigurationPlatforms) = postSolution

		{6E0CB027-4CE1-4E1A-982C-B38367D6A710}.Debug|Any CPU.ActiveCfg = Debug|Any CPU
		{6E0CB027-4CE1-4E1A-982C-B38367D6A710}.Debug|Any CPU.Build.0 = Debug|Any CPU
		{6E0CB027-4CE1-4E1A-982C-B38367D6A710}.Release|Any CPU.ActiveCfg = Release|Any CPU
		{6E0CB027-4CE1-4E1A-982C-B38367D6A710}.Release|Any CPU.Build.0 = Release|Any CPU
	EndGlobalSection
	GlobalSection(SolutionProperties) = preSolution
		HideSolutionNode = FALSE
	EndGlobalSection
	GlobalSection(ExtensibilityGlobals) = postSolution
		SolutionGuid = {367B239C-EEA7-4C35-BEE3-10F74D43D519}
	EndGlobalSection
EndGlobal
